
Microsoft Visual Studio Solution File, Format Version 12.00
# Visual Studio Version 17
VisualStudioVersion = 17.10.35027.167
MinimumVisualStudioVersion = 10.0.40219.1
Project("{FAE04EC0-301F-11D3-BF4B-00C04F79EFBC}") = "Asset-Inventory", "Asset-Inventory.csproj", "{E96A23A9-2547-4B46-8952-4DAD4AF67DFA}"
EndProject
Global
	GlobalSection(SolutionConfigurationPlatforms) = preSolution
		Debug|Any CPU = Debug|Any CPU
		Release|Any CPU = Release|Any CPU
	EndGlobalSection
	GlobalSection(ProjectConfigurationPlatforms) = postSolution
		{E96A23A9-2547-4B46-8952-4DAD4AF67DFA}.Debug|Any CPU.ActiveCfg = Debug|Any CPU
		{E96A23A9-2547-4B46-8952-4DAD4AF67DFA}.Debug|Any CPU.Build.0 = Debug|Any CPU
		{E96A23A9-2547-4B46-8952-4DAD4AF67DFA}.Release|Any CPU.ActiveCfg = Release|Any CPU
		{E96A23A9-2547-4B46-8952-4DAD4AF67DFA}.Release|Any CPU.Build.0 = Release|Any CPU
	EndGlobalSection
	GlobalSection(SolutionProperties) = preSolution
		HideSolutionNode = FALSE
	EndGlobalSection
	GlobalSection(ExtensibilityGlobals) = postSolution
		SolutionGuid = {1346421C-F9FF-497B-985A-04B5A682A009}
	EndGlobalSection
EndGlobal
